{
  "requires": true,
  "lockfileVersion": 1,
  "dependencies": {
    "rw-stream": {
      "version": "0.3.3",
      "resolved": "https://registry.npmjs.org/rw-stream/-/rw-stream-0.3.3.tgz",
      "integrity": "sha512-bxfGiEmsCS7/dbJyVbh7kZw7JIftWCCVsFdJJeDmLxnH73sZ8gAeH87FuDIqxW8lDFIJc6lPUmgHZROy8N0chQ=="
    }
  }
}
